
Microsoft Visual Studio Solution File, Format Version 12.00
# Visual Studio Version 17
VisualStudioVersion = 17.0.31903.59
MinimumVisualStudioVersion = 10.0.40219.1
Project("{FAE04EC0-301F-11D3-BF4B-00C04F79EFBC}") = "DevConnect.Client", "DevConnect.Client\DevConnect.Client.csproj", "{6C72E9D6-8CC5-42A9-965A-9D208F61CDDF}"
EndProject
Project("{FAE04EC0-301F-11D3-BF4B-00C04F79EFBC}") = "DevConnect.Shared", "DevConnect.Shared\DevConnect.Shared.csproj", "{286A4386-8D95-4374-8396-8186DB1EC303}"
EndProject
Project("{FAE04EC0-301F-11D3-BF4B-00C04F79EFBC}") = "DevConnect.Api", "DevConnect.Api\DevConnect.Api.csproj", "{A06FE79F-15FE-4A57-9DF7-B4CD60465B6F}"
EndProject
Global
	GlobalSection(SolutionConfigurationPlatforms) = preSolution
		Debug|Any CPU = Debug|Any CPU
		Debug|x64 = Debug|x64
		Debug|x86 = Debug|x86
		Release|Any CPU = Release|Any CPU
		Release|x64 = Release|x64
		Release|x86 = Release|x86
	EndGlobalSection
	GlobalSection(ProjectConfigurationPlatforms) = postSolution
		{6C72E9D6-8CC5-42A9-965A-9D208F61CDDF}.Debug|Any CPU.ActiveCfg = Debug|Any CPU
		{6C72E9D6-8CC5-42A9-965A-9D208F61CDDF}.Debug|Any CPU.Build.0 = Debug|Any CPU
		{6C72E9D6-8CC5-42A9-965A-9D208F61CDDF}.Debug|x64.ActiveCfg = Debug|Any CPU
		{6C72E9D6-8CC5-42A9-965A-9D208F61CDDF}.Debug|x64.Build.0 = Debug|Any CPU
		{6C72E9D6-8CC5-42A9-965A-9D208F61CDDF}.Debug|x86.ActiveCfg = Debug|Any CPU
		{6C72E9D6-8CC5-42A9-965A-9D208F61CDDF}.Debug|x86.Build.0 = Debug|Any CPU
		{6C72E9D6-8CC5-42A9-965A-9D208F61CDDF}.Release|Any CPU.ActiveCfg = Release|Any CPU
		{6C72E9D6-8CC5-42A9-965A-9D208F61CDDF}.Release|Any CPU.Build.0 = Release|Any CPU
		{6C72E9D6-8CC5-42A9-965A-9D208F61CDDF}.Release|x64.ActiveCfg = Release|Any CPU
		{6C72E9D6-8CC5-42A9-965A-9D208F61CDDF}.Release|x64.Build.0 = Release|Any CPU
		{6C72E9D6-8CC5-42A9-965A-9D208F61CDDF}.Release|x86.ActiveCfg = Release|Any CPU
		{6C72E9D6-8CC5-42A9-965A-9D208F61CDDF}.Release|x86.Build.0 = Release|Any CPU
		{286A4386-8D95-4374-8396-8186DB1EC303}.Debug|Any CPU.ActiveCfg = Debug|Any CPU
		{286A4386-8D95-4374-8396-8186DB1EC303}.Debug|Any CPU.Build.0 = Debug|Any CPU
		{286A4386-8D95-4374-8396-8186DB1EC303}.Debug|x64.ActiveCfg = Debug|Any CPU
		{286A4386-8D95-4374-8396-8186DB1EC303}.Debug|x64.Build.0 = Debug|Any CPU
		{286A4386-8D95-4374-8396-8186DB1EC303}.Debug|x86.ActiveCfg = Debug|Any CPU
		{286A4386-8D95-4374-8396-8186DB1EC303}.Debug|x86.Build.0 = Debug|Any CPU
		{286A4386-8D95-4374-8396-8186DB1EC303}.Release|Any CPU.ActiveCfg = Release|Any CPU
		{286A4386-8D95-4374-8396-8186DB1EC303}.Release|Any CPU.Build.0 = Release|Any CPU
		{286A4386-8D95-4374-8396-8186DB1EC303}.Release|x64.ActiveCfg = Release|Any CPU
		{286A4386-8D95-4374-8396-8186DB1EC303}.Release|x64.Build.0 = Release|Any CPU
		{286A4386-8D95-4374-8396-8186DB1EC303}.Release|x86.ActiveCfg = Release|Any CPU
		{286A4386-8D95-4374-8396-8186DB1EC303}.Release|x86.Build.0 = Release|Any CPU
		{A06FE79F-15FE-4A57-9DF7-B4CD60465B6F}.Debug|Any CPU.ActiveCfg = Debug|Any CPU
		{A06FE79F-15FE-4A57-9DF7-B4CD60465B6F}.Debug|Any CPU.Build.0 = Debug|Any CPU
		{A06FE79F-15FE-4A57-9DF7-B4CD60465B6F}.Debug|x64.ActiveCfg = Debug|Any CPU
		{A06FE79F-15FE-4A57-9DF7-B4CD60465B6F}.Debug|x64.Build.0 = Debug|Any CPU
		{A06FE79F-15FE-4A57-9DF7-B4CD60465B6F}.Debug|x86.ActiveCfg = Debug|Any CPU
		{A06FE79F-15FE-4A57-9DF7-B4CD60465B6F}.Debug|x86.Build.0 = Debug|Any CPU
		{A06FE79F-15FE-4A57-9DF7-B4CD60465B6F}.Release|Any CPU.ActiveCfg = Release|Any CPU
		{A06FE79F-15FE-4A57-9DF7-B4CD60465B6F}.Release|Any CPU.Build.0 = Release|Any CPU
		{A06FE79F-15FE-4A57-9DF7-B4CD60465B6F}.Release|x64.ActiveCfg = Release|Any CPU
		{A06FE79F-15FE-4A57-9DF7-B4CD60465B6F}.Release|x64.Build.0 = Release|Any CPU
		{A06FE79F-15FE-4A57-9DF7-B4CD60465B6F}.Release|x86.ActiveCfg = Release|Any CPU
		{A06FE79F-15FE-4A57-9DF7-B4CD60465B6F}.Release|x86.Build.0 = Release|Any CPU
	EndGlobalSection
	GlobalSection(SolutionProperties) = preSolution
		HideSolutionNode = FALSE
	EndGlobalSection
EndGlobal
