Microsoft Visual Studio Solution File, Format Version 12.00
# Visual Studio Version 17
VisualStudioVersion = 17.0.31903.59
MinimumVisualStudioVersion = 10.0.40219.1
Project("{FAE04EC0-301F-11D3-BF4B-00C04F79EFBC}") = "DevConnectApi.Api", "src\DevConnectApi.Api\DevConnectApi.Api.csproj", "{2C1CF88E-3481-4CC8-BCA6-31E33B0E9A8F}"
EndProject
Project("{FAE04EC0-301F-11D3-BF4B-00C04F79EFBC}") = "DevConnectWeb.Blazor", "src\DevConnectWeb.Blazor\DevConnectWeb.Blazor.csproj", "{3A8CE173-17C3-4D04-A9D3-A95A4E64B903}"
EndProject
Global
	GlobalSection(SolutionConfigurationPlatforms) = preSolution
		Debug|Any CPU = Debug|Any CPU
		Release|Any CPU = Release|Any CPU
	EndGlobalSection
	GlobalSection(ProjectConfigurationPlatforms) = postSolution
		{2C1CF88E-3481-4CC8-BCA6-31E33B0E9A8F}.Debug|Any CPU.ActiveCfg = Debug|Any CPU
		{2C1CF88E-3481-4CC8-BCA6-31E33B0E9A8F}.Debug|Any CPU.Build.0 = Debug|Any CPU
		{2C1CF88E-3481-4CC8-BCA6-31E33B0E9A8F}.Release|Any CPU.ActiveCfg = Release|Any CPU
		{2C1CF88E-3481-4CC8-BCA6-31E33B0E9A8F}.Release|Any CPU.Build.0 = Release|Any CPU
		{3A8CE173-17C3-4D04-A9D3-A95A4E64B903}.Debug|Any CPU.ActiveCfg = Debug|Any CPU
		{3A8CE173-17C3-4D04-A9D3-A95A4E64B903}.Debug|Any CPU.Build.0 = Debug|Any CPU
		{3A8CE173-17C3-4D04-A9D3-A95A4E64B903}.Release|Any CPU.ActiveCfg = Release|Any CPU
		{3A8CE173-17C3-4D04-A9D3-A95A4E64B903}.Release|Any CPU.Build.0 = Release|Any CPU
	EndGlobalSection
	GlobalSection(SolutionProperties) = preSolution
		HideSolutionNode = FALSE
	EndGlobalSection
EndGlobal
